
Microsoft Visual Studio Solution File, Format Version 12.00
# Visual Studio Version 17
VisualStudioVersion = 17.9.34728.123
MinimumVisualStudioVersion = 10.0.40219.1
Project("{FAE04EC0-301F-11D3-BF4B-00C04F79EFBC}") = "SiliconBackOffice", "SiliconBackOffice\SiliconBackOffice\SiliconBackOffice.csproj", "{03C55B45-3046-4F5B-BA49-FE8E50C9009F}"
EndProject
Project("{FAE04EC0-301F-11D3-BF4B-00C04F79EFBC}") = "SiliconBackOffice.Client", "SiliconBackOffice\SiliconBackOffice.Client\SiliconBackOffice.Client.csproj", "{C041FBB4-68B0-4877-BD4A-4F577077D722}"
EndProject
Global
	GlobalSection(SolutionConfigurationPlatforms) = preSolution
		Debug|Any CPU = Debug|Any CPU
		Release|Any CPU = Release|Any CPU
	EndGlobalSection
	GlobalSection(ProjectConfigurationPlatforms) = postSolution
		{03C55B45-3046-4F5B-BA49-FE8E50C9009F}.Debug|Any CPU.ActiveCfg = Debug|Any CPU
		{03C55B45-3046-4F5B-BA49-FE8E50C9009F}.Debug|Any CPU.Build.0 = Debug|Any CPU
		{03C55B45-3046-4F5B-BA49-FE8E50C9009F}.Release|Any CPU.ActiveCfg = Release|Any CPU
		{03C55B45-3046-4F5B-BA49-FE8E50C9009F}.Release|Any CPU.Build.0 = Release|Any CPU
		{C041FBB4-68B0-4877-BD4A-4F577077D722}.Debug|Any CPU.ActiveCfg = Debug|Any CPU
		{C041FBB4-68B0-4877-BD4A-4F577077D722}.Debug|Any CPU.Build.0 = Debug|Any CPU
		{C041FBB4-68B0-4877-BD4A-4F577077D722}.Release|Any CPU.ActiveCfg = Release|Any CPU
		{C041FBB4-68B0-4877-BD4A-4F577077D722}.Release|Any CPU.Build.0 = Release|Any CPU
	EndGlobalSection
	GlobalSection(SolutionProperties) = preSolution
		HideSolutionNode = FALSE
	EndGlobalSection
	GlobalSection(ExtensibilityGlobals) = postSolution
		SolutionGuid = {BE526C91-01AE-4C77-973A-CD283E91149F}
	EndGlobalSection
EndGlobal
